// !$*UTF8*$!
{
	archiveVersion = 1;
	classes = {
	};
	objectVersion = 77;
	objects = {

/* Begin PBXBuildFile section */
		139901AA2F20055E00392305 /* Sparkle in Frameworks */ = {isa = PBXBuildFile; productRef = 130377A72F1D60F400B70F97 /* Sparkle */; };
		348D934C2E97E2130044655A /* SystemAudioRecorder.swift in Sources */ = {isa = PBXBuildFile; fileRef = 348D934B2E97E2130044655A /* SystemAudioRecorder.swift */; };
		348D93522E97EA2E0044655A /* SystemAudioPlayer.swift in Sources */ = {isa = PBXBuildFile; fileRef = 348D93512E97EA2E0044655A /* SystemAudioPlayer.swift */; };
		348D93592E9806070044655A /* MediaPlayer.framework in Frameworks */ = {isa = PBXBuildFile; fileRef = 348D93582E9806070044655A /* MediaPlayer.framework */; };
/* End PBXBuildFile section */

/* Begin PBXContainerItemProxy section */
		346BD3132E974216001D2758 /* PBXContainerItemProxy */ = {
			isa = PBXContainerItemProxy;
			containerPortal = 346BD2FA2E974213001D2758 /* Project object */;
			proxyType = 1;
			remoteGlobalIDString = 346BD3012E974213001D2758;
			remoteInfo = SystemVoiceMemos;
		};
		346BD31D2E974216001D2758 /* PBXContainerItemProxy */ = {
			isa = PBXContainerItemProxy;
			containerPortal = 346BD2FA2E974213001D2758 /* Project object */;
			proxyType = 1;
			remoteGlobalIDString = 346BD3012E974213001D2758;
			remoteInfo = SystemVoiceMemos;
		};
/* End PBXContainerItemProxy section */

/* Begin PBXFileReference section */
		139901EF2F2005AB00392305 /* Sparkle */ = {isa = PBXFileReference; lastKnownFileType = wrapper; name = Sparkle; path = "/Volumes/APFS-AramT5/Library/Developer/Xcode/DerivedData/SystemVoiceMemos-hfxxkmaihrwcbgansopzkjmmewun/SourcePackages/checkouts/Sparkle"; sourceTree = "<absolute>"; };
		346BD3022E974213001D2758 /* SystemVoiceMemos.app */ = {isa = PBXFileReference; explicitFileType = wrapper.application; includeInIndex = 0; path = SystemVoiceMemos.app; sourceTree = BUILT_PRODUCTS_DIR; };
		346BD3122E974216001D2758 /* SystemVoiceMemosTests.xctest */ = {isa = PBXFileReference; explicitFileType = wrapper.cfbundle; includeInIndex = 0; path = SystemVoiceMemosTests.xctest; sourceTree = BUILT_PRODUCTS_DIR; };
		346BD31C2E974216001D2758 /* SystemVoiceMemosUITests.xctest */ = {isa = PBXFileReference; explicitFileType = wrapper.cfbundle; includeInIndex = 0; path = SystemVoiceMemosUITests.xctest; sourceTree = BUILT_PRODUCTS_DIR; };
		348D934B2E97E2130044655A /* SystemAudioRecorder.swift */ = {isa = PBXFileReference; lastKnownFileType = sourcecode.swift; path = SystemAudioRecorder.swift; sourceTree = "<group>"; };
		348D93512E97EA2E0044655A /* SystemAudioPlayer.swift */ = {isa = PBXFileReference; lastKnownFileType = sourcecode.swift; path = SystemAudioPlayer.swift; sourceTree = "<group>"; };
		348D93582E9806070044655A /* MediaPlayer.framework */ = {isa = PBXFileReference; lastKnownFileType = wrapper.framework; name = MediaPlayer.framework; path = System/Library/Frameworks/MediaPlayer.framework; sourceTree = SDKROOT; };
/* End PBXFileReference section */

/* Begin PBXFileSystemSynchronizedBuildFileExceptionSet section */
		348D934F2E97E3AE0044655A /* Exceptions for "SystemVoiceMemos" folder in "SystemVoiceMemos" target */ = {
			isa = PBXFileSystemSynchronizedBuildFileExceptionSet;
			membershipExceptions = (
				Info.plist,
			);
			target = 346BD3012E974213001D2758 /* SystemVoiceMemos */;
		};
/* End PBXFileSystemSynchronizedBuildFileExceptionSet section */

/* Begin PBXFileSystemSynchronizedRootGroup section */
		346BD3042E974213001D2758 /* SystemVoiceMemos */ = {
			isa = PBXFileSystemSynchronizedRootGroup;
			exceptions = (
				348D934F2E97E3AE0044655A /* Exceptions for "SystemVoiceMemos" folder in "SystemVoiceMemos" target */,
			);
			path = SystemVoiceMemos;
			sourceTree = "<group>";
		};
		346BD3152E974216001D2758 /* SystemVoiceMemosTests */ = {
			isa = PBXFileSystemSynchronizedRootGroup;
			path = SystemVoiceMemosTests;
			sourceTree = "<group>";
		};
		346BD31F2E974216001D2758 /* SystemVoiceMemosUITests */ = {
			isa = PBXFileSystemSynchronizedRootGroup;
			path = SystemVoiceMemosUITests;
			sourceTree = "<group>";
		};
/* End PBXFileSystemSynchronizedRootGroup section */

/* Begin PBXFrameworksBuildPhase section */
		346BD2FF2E974213001D2758 /* Frameworks */ = {
			isa = PBXFrameworksBuildPhase;
			buildActionMask = 2147483647;
			files = (
				139901AA2F20055E00392305 /* Sparkle in Frameworks */,
				348D93592E9806070044655A /* MediaPlayer.framework in Frameworks */,
			);
			runOnlyForDeploymentPostprocessing = 0;
		};
		346BD30F2E974216001D2758 /* Frameworks */ = {
			isa = PBXFrameworksBuildPhase;
			buildActionMask = 2147483647;
			files = (
			);
			runOnlyForDeploymentPostprocessing = 0;
		};
		346BD3192E974216001D2758 /* Frameworks */ = {
			isa = PBXFrameworksBuildPhase;
			buildActionMask = 2147483647;
			files = (
			);
			runOnlyForDeploymentPostprocessing = 0;
		};
/* End PBXFrameworksBuildPhase section */

/* Begin PBXGroup section */
		346BD2F92E974213001D2758 = {
			isa = PBXGroup;
			children = (
				348D934B2E97E2130044655A /* SystemAudioRecorder.swift */,
				348D93512E97EA2E0044655A /* SystemAudioPlayer.swift */,
				346BD3042E974213001D2758 /* SystemVoiceMemos */,
				346BD3152E974216001D2758 /* SystemVoiceMemosTests */,
				346BD31F2E974216001D2758 /* SystemVoiceMemosUITests */,
				346BD3032E974213001D2758 /* Products */,
				348D935A2E9806070044655A /* Frameworks */,
			);
			sourceTree = "<group>";
		};
		346BD3032E974213001D2758 /* Products */ = {
			isa = PBXGroup;
			children = (
				346BD3022E974213001D2758 /* SystemVoiceMemos.app */,
				346BD3122E974216001D2758 /* SystemVoiceMemosTests.xctest */,
				346BD31C2E974216001D2758 /* SystemVoiceMemosUITests.xctest */,
			);
			name = Products;
			sourceTree = "<group>";
		};
		348D935A2E9806070044655A /* Frameworks */ = {
			isa = PBXGroup;
			children = (
				139901EF2F2005AB00392305 /* Sparkle */,
				348D93582E9806070044655A /* MediaPlayer.framework */,
			);
			name = Frameworks;
			sourceTree = "<group>";
		};
/* End PBXGroup section */

/* Begin PBXNativeTarget section */
		346BD3012E974213001D2758 /* SystemVoiceMemos */ = {
			isa = PBXNativeTarget;
			buildConfigurationList = 346BD3262E974216001D2758 /* Build configuration list for PBXNativeTarget "SystemVoiceMemos" */;
			buildPhases = (
				346BD2FE2E974213001D2758 /* Sources */,
				346BD2FF2E974213001D2758 /* Frameworks */,
				346BD3002E974213001D2758 /* Resources */,
			);
			buildRules = (
			);
			dependencies = (
			);
			fileSystemSynchronizedGroups = (
				346BD3042E974213001D2758 /* SystemVoiceMemos */,
			);
			name = SystemVoiceMemos;
			packageProductDependencies = (
				130377A72F1D60F400B70F97 /* Sparkle */,
			);
			productName = SystemVoiceMemos;
			productReference = 346BD3022E974213001D2758 /* SystemVoiceMemos.app */;
			productType = "com.apple.product-type.application";
		};
		346BD3112E974216001D2758 /* SystemVoiceMemosTests */ = {
			isa = PBXNativeTarget;
			buildConfigurationList = 346BD3292E974216001D2758 /* Build configuration list for PBXNativeTarget "SystemVoiceMemosTests" */;
			buildPhases = (
				346BD30E2E974216001D2758 /* Sources */,
				346BD30F2E974216001D2758 /* Frameworks */,
				346BD3102E974216001D2758 /* Resources */,
			);
			buildRules = (
			);
			dependencies = (
				346BD3142E974216001D2758 /* PBXTargetDependency */,
			);
			fileSystemSynchronizedGroups = (
				346BD3152E974216001D2758 /* SystemVoiceMemosTests */,
			);
			name = SystemVoiceMemosTests;
			packageProductDependencies = (
			);
			productName = SystemVoiceMemosTests;
			productReference = 346BD3122E974216001D2758 /* SystemVoiceMemosTests.xctest */;
			productType = "com.apple.product-type.bundle.unit-test";
		};
		346BD31B2E974216001D2758 /* SystemVoiceMemosUITests */ = {
			isa = PBXNativeTarget;
			buildConfigurationList = 346BD32C2E974216001D2758 /* Build configuration list for PBXNativeTarget "SystemVoiceMemosUITests" */;
			buildPhases = (
				346BD3182E974216001D2758 /* Sources */,
				346BD3192E974216001D2758 /* Frameworks */,
				346BD31A2E974216001D2758 /* Resources */,
			);
			buildRules = (
			);
			dependencies = (
				346BD31E2E974216001D2758 /* PBXTargetDependency */,
			);
			fileSystemSynchronizedGroups = (
				346BD31F2E974216001D2758 /* SystemVoiceMemosUITests */,
			);
			name = SystemVoiceMemosUITests;
			packageProductDependencies = (
			);
			productName = SystemVoiceMemosUITests;
			productReference = 346BD31C2E974216001D2758 /* SystemVoiceMemosUITests.xctest */;
			productType = "com.apple.product-type.bundle.ui-testing";
		};
/* End PBXNativeTarget section */

/* Begin PBXProject section */
		346BD2FA2E974213001D2758 /* Project object */ = {
			isa = PBXProject;
			attributes = {
				BuildIndependentTargetsInParallel = 1;
				LastSwiftUpdateCheck = 1640;
				LastUpgradeCheck = 1640;
				TargetAttributes = {
					346BD3012E974213001D2758 = {
						CreatedOnToolsVersion = 16.4;
					};
					346BD3112E974216001D2758 = {
						CreatedOnToolsVersion = 16.4;
						TestTargetID = 346BD3012E974213001D2758;
					};
					346BD31B2E974216001D2758 = {
						CreatedOnToolsVersion = 16.4;
						TestTargetID = 346BD3012E974213001D2758;
					};
				};
			};
			buildConfigurationList = 346BD2FD2E974213001D2758 /* Build configuration list for PBXProject "SystemVoiceMemos" */;
			developmentRegion = en;
			hasScannedForEncodings = 0;
			knownRegions = (
				en,
				Base,
			);
			mainGroup = 346BD2F92E974213001D2758;
			minimizedProjectReferenceProxies = 1;
			packageReferences = (
				130377A62F1D60F400B70F97 /* XCRemoteSwiftPackageReference "Sparkle" */,
			);
			preferredProjectObjectVersion = 77;
			productRefGroup = 346BD3032E974213001D2758 /* Products */;
			projectDirPath = "";
			projectRoot = "";
			targets = (
				346BD3012E974213001D2758 /* SystemVoiceMemos */,
				346BD3112E974216001D2758 /* SystemVoiceMemosTests */,
				346BD31B2E974216001D2758 /* SystemVoiceMemosUITests */,
			);
		};
/* End PBXProject section */

/* Begin PBXResourcesBuildPhase section */
		346BD3002E974213001D2758 /* Resources */ = {
			isa = PBXResourcesBuildPhase;
			buildActionMask = 2147483647;
			files = (
			);
			runOnlyForDeploymentPostprocessing = 0;
		};
		346BD3102E974216001D2758 /* Resources */ = {
			isa = PBXResourcesBuildPhase;
			buildActionMask = 2147483647;
			files = (
			);
			runOnlyForDeploymentPostprocessing = 0;
		};
		346BD31A2E974216001D2758 /* Resources */ = {
			isa = PBXResourcesBuildPhase;
			buildActionMask = 2147483647;
			files = (
			);
			runOnlyForDeploymentPostprocessing = 0;
		};
/* End PBXResourcesBuildPhase section */

/* Begin PBXSourcesBuildPhase section */
		346BD2FE2E974213001D2758 /* Sources */ = {
			isa = PBXSourcesBuildPhase;
			buildActionMask = 2147483647;
			files = (
				348D934C2E97E2130044655A /* SystemAudioRecorder.swift in Sources */,
				348D93522E97EA2E0044655A /* SystemAudioPlayer.swift in Sources */,
			);
			runOnlyForDeploymentPostprocessing = 0;
		};
		346BD30E2E974216001D2758 /* Sources */ = {
			isa = PBXSourcesBuildPhase;
			buildActionMask = 2147483647;
			files = (
			);
			runOnlyForDeploymentPostprocessing = 0;
		};
		346BD3182E974216001D2758 /* Sources */ = {
			isa = PBXSourcesBuildPhase;
			buildActionMask = 2147483647;
			files = (
			);
			runOnlyForDeploymentPostprocessing = 0;
		};
/* End PBXSourcesBuildPhase section */

/* Begin PBXTargetDependency section */
		346BD3142E974216001D2758 /* PBXTargetDependency */ = {
			isa = PBXTargetDependency;
			target = 346BD3012E974213001D2758 /* SystemVoiceMemos */;
			targetProxy = 346BD3132E974216001D2758 /* PBXContainerItemProxy */;
		};
		346BD31E2E974216001D2758 /* PBXTargetDependency */ = {
			isa = PBXTargetDependency;
			target = 346BD3012E974213001D2758 /* SystemVoiceMemos */;
			targetProxy = 346BD31D2E974216001D2758 /* PBXContainerItemProxy */;
		};
/* End PBXTargetDependency section */

/* Begin XCBuildConfiguration section */
		346BD3242E974216001D2758 /* Debug */ = {
			isa = XCBuildConfiguration;
			buildSettings = {
				ALWAYS_SEARCH_USER_PATHS = NO;
				ASSETCATALOG_COMPILER_GENERATE_SWIFT_ASSET_SYMBOL_EXTENSIONS = YES;
				CLANG_ANALYZER_NONNULL = YES;
				CLANG_ANALYZER_NUMBER_OBJECT_CONVERSION = YES_AGGRESSIVE;
				CLANG_CXX_LANGUAGE_STANDARD = "gnu++20";
				CLANG_ENABLE_MODULES = YES;
				CLANG_ENABLE_OBJC_ARC = YES;
				CLANG_ENABLE_OBJC_WEAK = YES;
				CLANG_WARN_BLOCK_CAPTURE_AUTORELEASING = YES;
				CLANG_WARN_BOOL_CONVERSION = YES;
				CLANG_WARN_COMMA = YES;
				CLANG_WARN_CONSTANT_CONVERSION = YES;
				CLANG_WARN_DEPRECATED_OBJC_IMPLEMENTATIONS = YES;
				CLANG_WARN_DIRECT_OBJC_ISA_USAGE = YES_ERROR;
				CLANG_WARN_DOCUMENTATION_COMMENTS = YES;
				CLANG_WARN_EMPTY_BODY = YES;
				CLANG_WARN_ENUM_CONVERSION = YES;
				CLANG_WARN_INFINITE_RECURSION = YES;
				CLANG_WARN_INT_CONVERSION = YES;
				CLANG_WARN_NON_LITERAL_NULL_CONVERSION = YES;
				CLANG_WARN_OBJC_IMPLICIT_RETAIN_SELF = YES;
				CLANG_WARN_OBJC_LITERAL_CONVERSION = YES;
				CLANG_WARN_OBJC_ROOT_CLASS = YES_ERROR;
				CLANG_WARN_QUOTED_INCLUDE_IN_FRAMEWORK_HEADER = YES;
				CLANG_WARN_RANGE_LOOP_ANALYSIS = YES;
				CLANG_WARN_STRICT_PROTOTYPES = YES;
				CLANG_WARN_SUSPICIOUS_MOVE = YES;
				CLANG_WARN_UNGUARDED_AVAILABILITY = YES_AGGRESSIVE;
				CLANG_WARN_UNREACHABLE_CODE = YES;
				CLANG_WARN__DUPLICATE_METHOD_MATCH = YES;
				COPY_PHASE_STRIP = NO;
				DEBUG_INFORMATION_FORMAT = dwarf;
				DEVELOPMENT_TEAM = U8N2H82PMJ;
				ENABLE_STRICT_OBJC_MSGSEND = YES;
				ENABLE_TESTABILITY = YES;
				ENABLE_USER_SCRIPT_SANDBOXING = YES;
				GCC_C_LANGUAGE_STANDARD = gnu17;
				GCC_DYNAMIC_NO_PIC = NO;
				GCC_NO_COMMON_BLOCKS = YES;
				GCC_OPTIMIZATION_LEVEL = 0;
				GCC_PREPROCESSOR_DEFINITIONS = (
					"DEBUG=1",
					"$(inherited)",
				);
				GCC_WARN_64_TO_32_BIT_CONVERSION = YES;
				GCC_WARN_ABOUT_RETURN_TYPE = YES_ERROR;
				GCC_WARN_UNDECLARED_SELECTOR = YES;
				GCC_WARN_UNINITIALIZED_AUTOS = YES_AGGRESSIVE;
				GCC_WARN_UNUSED_FUNCTION = YES;
				GCC_WARN_UNUSED_VARIABLE = YES;
				LOCALIZATION_PREFERS_STRING_CATALOGS = YES;
				MTL_ENABLE_DEBUG_INFO = INCLUDE_SOURCE;
				MTL_FAST_MATH = YES;
				ONLY_ACTIVE_ARCH = YES;
				SWIFT_ACTIVE_COMPILATION_CONDITIONS = "DEBUG $(inherited)";
				SWIFT_OPTIMIZATION_LEVEL = "-Onone";
			};
			name = Debug;
		};
		346BD3252E974216001D2758 /* Release */ = {
			isa = XCBuildConfiguration;
			buildSettings = {
				ALWAYS_SEARCH_USER_PATHS = NO;
				ASSETCATALOG_COMPILER_GENERATE_SWIFT_ASSET_SYMBOL_EXTENSIONS = YES;
				CLANG_ANALYZER_NONNULL = YES;
				CLANG_ANALYZER_NUMBER_OBJECT_CONVERSION = YES_AGGRESSIVE;
				CLANG_CXX_LANGUAGE_STANDARD = "gnu++20";
				CLANG_ENABLE_MODULES = YES;
				CLANG_ENABLE_OBJC_ARC = YES;
				CLANG_ENABLE_OBJC_WEAK = YES;
				CLANG_WARN_BLOCK_CAPTURE_AUTORELEASING = YES;
				CLANG_WARN_BOOL_CONVERSION = YES;
				CLANG_WARN_COMMA = YES;
				CLANG_WARN_CONSTANT_CONVERSION = YES;
				CLANG_WARN_DEPRECATED_OBJC_IMPLEMENTATIONS = YES;
				CLANG_WARN_DIRECT_OBJC_ISA_USAGE = YES_ERROR;
				CLANG_WARN_DOCUMENTATION_COMMENTS = YES;
				CLANG_WARN_EMPTY_BODY = YES;
				CLANG_WARN_ENUM_CONVERSION = YES;
				CLANG_WARN_INFINITE_RECURSION = YES;
				CLANG_WARN_INT_CONVERSION = YES;
				CLANG_WARN_NON_LITERAL_NULL_CONVERSION = YES;
				CLANG_WARN_OBJC_IMPLICIT_RETAIN_SELF = YES;
				CLANG_WARN_OBJC_LITERAL_CONVERSION = YES;
				CLANG_WARN_OBJC_ROOT_CLASS = YES_ERROR;
				CLANG_WARN_QUOTED_INCLUDE_IN_FRAMEWORK_HEADER = YES;
				CLANG_WARN_RANGE_LOOP_ANALYSIS = YES;
				CLANG_WARN_STRICT_PROTOTYPES = YES;
				CLANG_WARN_SUSPICIOUS_MOVE = YES;
				CLANG_WARN_UNGUARDED_AVAILABILITY = YES_AGGRESSIVE;
				CLANG_WARN_UNREACHABLE_CODE = YES;
				CLANG_WARN__DUPLICATE_METHOD_MATCH = YES;
				COPY_PHASE_STRIP = NO;
				DEBUG_INFORMATION_FORMAT = "dwarf-with-dsym";
				DEVELOPMENT_TEAM = U8N2H82PMJ;
				ENABLE_NS_ASSERTIONS = NO;
				ENABLE_STRICT_OBJC_MSGSEND = YES;
				ENABLE_USER_SCRIPT_SANDBOXING = YES;
				GCC_C_LANGUAGE_STANDARD = gnu17;
				GCC_NO_COMMON_BLOCKS = YES;
				GCC_WARN_64_TO_32_BIT_CONVERSION = YES;
				GCC_WARN_ABOUT_RETURN_TYPE = YES_ERROR;
				GCC_WARN_UNDECLARED_SELECTOR = YES;
				GCC_WARN_UNINITIALIZED_AUTOS = YES_AGGRESSIVE;
				GCC_WARN_UNUSED_FUNCTION = YES;
				GCC_WARN_UNUSED_VARIABLE = YES;
				LOCALIZATION_PREFERS_STRING_CATALOGS = YES;
				MTL_ENABLE_DEBUG_INFO = NO;
				MTL_FAST_MATH = YES;
				SWIFT_COMPILATION_MODE = wholemodule;
			};
			name = Release;
		};
		346BD3272E974216001D2758 /* Debug */ = {
			isa = XCBuildConfiguration;
			buildSettings = {
				ASSETCATALOG_COMPILER_APPICON_NAME = SystemVoiceMemos;
				ASSETCATALOG_COMPILER_GLOBAL_ACCENT_COLOR_NAME = AccentColor;
				ASSETCATALOG_COMPILER_INCLUDE_ALL_APPICON_ASSETS = YES;
				CODE_SIGN_ENTITLEMENTS = SystemVoiceMemos/SystemVoiceMemos.entitlements;
				"CODE_SIGN_IDENTITY[sdk=macosx*]" = "Developer ID Application";
				CODE_SIGN_STYLE = Manual;
				CURRENT_PROJECT_VERSION = 3;
				DEVELOPMENT_TEAM = U8N2H82PMJ;
				ENABLE_APP_SANDBOX = NO;
				ENABLE_HARDENED_RUNTIME = YES;
				ENABLE_PREVIEWS = YES;
				GENERATE_INFOPLIST_FILE = YES;
				INFOPLIST_FILE = SystemVoiceMemos/Info.plist;
				INFOPLIST_KEY_CFBundleDisplayName = "System Voice Memos";
				INFOPLIST_KEY_LSApplicationCategoryType = "public.app-category.utilities";
				"INFOPLIST_KEY_UIApplicationSceneManifest_Generation[sdk=iphoneos*]" = YES;
				"INFOPLIST_KEY_UIApplicationSceneManifest_Generation[sdk=iphonesimulator*]" = YES;
				"INFOPLIST_KEY_UIApplicationSupportsIndirectInputEvents[sdk=iphoneos*]" = YES;
				"INFOPLIST_KEY_UIApplicationSupportsIndirectInputEvents[sdk=iphonesimulator*]" = YES;
				"INFOPLIST_KEY_UILaunchScreen_Generation[sdk=iphoneos*]" = YES;
				"INFOPLIST_KEY_UILaunchScreen_Generation[sdk=iphonesimulator*]" = YES;
				"INFOPLIST_KEY_UIStatusBarStyle[sdk=iphoneos*]" = UIStatusBarStyleDefault;
				"INFOPLIST_KEY_UIStatusBarStyle[sdk=iphonesimulator*]" = UIStatusBarStyleDefault;
				IPHONEOS_DEPLOYMENT_TARGET = 18.5;
				LD_RUNPATH_SEARCH_PATHS = "@executable_path/Frameworks";
				"LD_RUNPATH_SEARCH_PATHS[sdk=macosx*]" = "@executable_path/../Frameworks";
				MACOSX_DEPLOYMENT_TARGET = 14.0;
				MARKETING_VERSION = 0.5.1;
				PRODUCT_BUNDLE_IDENTIFIER = "aramb-dev.SystemVoiceMemos";
				PRODUCT_NAME = "$(TARGET_NAME)";
				REGISTER_APP_GROUPS = YES;
				SDKROOT = auto;
				SUPPORTED_PLATFORMS = macosx;
				SUPPORTS_MACCATALYST = NO;
				SWIFT_EMIT_LOC_STRINGS = YES;
				SWIFT_VERSION = 5.0;
				XROS_DEPLOYMENT_TARGET = 2.5;
			};
			name = Debug;
		};
		346BD3282E974216001D2758 /* Release */ = {
			isa = XCBuildConfiguration;
			buildSettings = {
				ASSETCATALOG_COMPILER_APPICON_NAME = SystemVoiceMemos;
				ASSETCATALOG_COMPILER_GLOBAL_ACCENT_COLOR_NAME = AccentColor;
				ASSETCATALOG_COMPILER_INCLUDE_ALL_APPICON_ASSETS = YES;
				CODE_SIGN_ENTITLEMENTS = SystemVoiceMemos/SystemVoiceMemos.entitlements;
				"CODE_SIGN_IDENTITY[sdk=macosx*]" = "Developer ID Application";
				CODE_SIGN_STYLE = Manual;
				CURRENT_PROJECT_VERSION = 3;
				DEVELOPMENT_TEAM = U8N2H82PMJ;
				ENABLE_APP_SANDBOX = NO;
				ENABLE_HARDENED_RUNTIME = YES;
				ENABLE_PREVIEWS = YES;
				GENERATE_INFOPLIST_FILE = YES;
				INFOPLIST_FILE = SystemVoiceMemos/Info.plist;
				INFOPLIST_KEY_CFBundleDisplayName = "System Voice Memos";
				INFOPLIST_KEY_LSApplicationCategoryType = "public.app-category.utilities";
				"INFOPLIST_KEY_UIApplicationSceneManifest_Generation[sdk=iphoneos*]" = YES;
				"INFOPLIST_KEY_UIApplicationSceneManifest_Generation[sdk=iphonesimulator*]" = YES;
				"INFOPLIST_KEY_UIApplicationSupportsIndirectInputEvents[sdk=iphoneos*]" = YES;
				"INFOPLIST_KEY_UIApplicationSupportsIndirectInputEvents[sdk=iphonesimulator*]" = YES;
				"INFOPLIST_KEY_UILaunchScreen_Generation[sdk=iphoneos*]" = YES;
				"INFOPLIST_KEY_UILaunchScreen_Generation[sdk=iphonesimulator*]" = YES;
				"INFOPLIST_KEY_UIStatusBarStyle[sdk=iphoneos*]" = UIStatusBarStyleDefault;
				"INFOPLIST_KEY_UIStatusBarStyle[sdk=iphonesimulator*]" = UIStatusBarStyleDefault;
				IPHONEOS_DEPLOYMENT_TARGET = 18.5;
				LD_RUNPATH_SEARCH_PATHS = "@executable_path/Frameworks";
				"LD_RUNPATH_SEARCH_PATHS[sdk=macosx*]" = "@executable_path/../Frameworks";
				MACOSX_DEPLOYMENT_TARGET = 14.0;
				MARKETING_VERSION = 0.5.1;
				PRODUCT_BUNDLE_IDENTIFIER = "aramb-dev.SystemVoiceMemos";
				PRODUCT_NAME = "$(TARGET_NAME)";
				REGISTER_APP_GROUPS = YES;
				SDKROOT = auto;
				SUPPORTED_PLATFORMS = macosx;
				SUPPORTS_MACCATALYST = NO;
				SWIFT_EMIT_LOC_STRINGS = YES;
				SWIFT_VERSION = 5.0;
				XROS_DEPLOYMENT_TARGET = 2.5;
			};
			name = Release;
		};
		346BD32A2E974216001D2758 /* Debug */ = {
			isa = XCBuildConfiguration;
			buildSettings = {
				BUNDLE_LOADER = "$(TEST_HOST)";
				CODE_SIGN_STYLE = Automatic;
				CURRENT_PROJECT_VERSION = 3;
				DEVELOPMENT_TEAM = U8N2H82PMJ;
				GENERATE_INFOPLIST_FILE = YES;
				IPHONEOS_DEPLOYMENT_TARGET = 18.5;
				MACOSX_DEPLOYMENT_TARGET = 14.0;
				MARKETING_VERSION = 1.0;
				PRODUCT_BUNDLE_IDENTIFIER = "aramb-dev.SystemVoiceMemosTests";
				PRODUCT_NAME = "$(TARGET_NAME)";
				SDKROOT = auto;
				SUPPORTED_PLATFORMS = "iphoneos iphonesimulator macosx xros xrsimulator";
				SWIFT_EMIT_LOC_STRINGS = NO;
				SWIFT_VERSION = 5.0;
				TARGETED_DEVICE_FAMILY = "1,2,7";
				TEST_HOST = "$(BUILT_PRODUCTS_DIR)/SystemVoiceMemos.app/$(BUNDLE_EXECUTABLE_FOLDER_PATH)/SystemVoiceMemos";
				XROS_DEPLOYMENT_TARGET = 2.5;
			};
			name = Debug;
		};
		346BD32B2E974216001D2758 /* Release */ = {
			isa = XCBuildConfiguration;
			buildSettings = {
				BUNDLE_LOADER = "$(TEST_HOST)";
				CODE_SIGN_STYLE = Automatic;
				CURRENT_PROJECT_VERSION = 3;
				DEVELOPMENT_TEAM = U8N2H82PMJ;
				GENERATE_INFOPLIST_FILE = YES;
				IPHONEOS_DEPLOYMENT_TARGET = 18.5;
				MACOSX_DEPLOYMENT_TARGET = 14.0;
				MARKETING_VERSION = 1.0;
				PRODUCT_BUNDLE_IDENTIFIER = "aramb-dev.SystemVoiceMemosTests";
				PRODUCT_NAME = "$(TARGET_NAME)";
				SDKROOT = auto;
				SUPPORTED_PLATFORMS = "iphoneos iphonesimulator macosx xros xrsimulator";
				SWIFT_EMIT_LOC_STRINGS = NO;
				SWIFT_VERSION = 5.0;
				TARGETED_DEVICE_FAMILY = "1,2,7";
				TEST_HOST = "$(BUILT_PRODUCTS_DIR)/SystemVoiceMemos.app/$(BUNDLE_EXECUTABLE_FOLDER_PATH)/SystemVoiceMemos";
				XROS_DEPLOYMENT_TARGET = 2.5;
			};
			name = Release;
		};
		346BD32D2E974216001D2758 /* Debug */ = {
			isa = XCBuildConfiguration;
			buildSettings = {
				CODE_SIGN_STYLE = Automatic;
				CURRENT_PROJECT_VERSION = 3;
				DEVELOPMENT_TEAM = U8N2H82PMJ;
				GENERATE_INFOPLIST_FILE = YES;
				IPHONEOS_DEPLOYMENT_TARGET = 18.5;
				MACOSX_DEPLOYMENT_TARGET = 14.0;
				MARKETING_VERSION = 1.0;
				PRODUCT_BUNDLE_IDENTIFIER = "aramb-dev.SystemVoiceMemosUITests";
				PRODUCT_NAME = "$(TARGET_NAME)";
				SDKROOT = auto;
				SUPPORTED_PLATFORMS = "iphoneos iphonesimulator macosx xros xrsimulator";
				SWIFT_EMIT_LOC_STRINGS = NO;
				SWIFT_VERSION = 5.0;
				TARGETED_DEVICE_FAMILY = "1,2,7";
				TEST_TARGET_NAME = SystemVoiceMemos;
				XROS_DEPLOYMENT_TARGET = 2.5;
			};
			name = Debug;
		};
		346BD32E2E974216001D2758 /* Release */ = {
			isa = XCBuildConfiguration;
			buildSettings = {
				CODE_SIGN_STYLE = Automatic;
				CURRENT_PROJECT_VERSION = 3;
				DEVELOPMENT_TEAM = U8N2H82PMJ;
				GENERATE_INFOPLIST_FILE = YES;
				IPHONEOS_DEPLOYMENT_TARGET = 18.5;
				MACOSX_DEPLOYMENT_TARGET = 14.0;
				MARKETING_VERSION = 1.0;
				PRODUCT_BUNDLE_IDENTIFIER = "aramb-dev.SystemVoiceMemosUITests";
				PRODUCT_NAME = "$(TARGET_NAME)";
				SDKROOT = auto;
				SUPPORTED_PLATFORMS = "iphoneos iphonesimulator macosx xros xrsimulator";
				SWIFT_EMIT_LOC_STRINGS = NO;
				SWIFT_VERSION = 5.0;
				TARGETED_DEVICE_FAMILY = "1,2,7";
				TEST_TARGET_NAME = SystemVoiceMemos;
				XROS_DEPLOYMENT_TARGET = 2.5;
			};
			name = Release;
		};
/* End XCBuildConfiguration section */

/* Begin XCConfigurationList section */
		346BD2FD2E974213001D2758 /* Build configuration list for PBXProject "SystemVoiceMemos" */ = {
			isa = XCConfigurationList;
			buildConfigurations = (
				346BD3242E974216001D2758 /* Debug */,
				346BD3252E974216001D2758 /* Release */,
			);
			defaultConfigurationIsVisible = 0;
			defaultConfigurationName = Release;
		};
		346BD3262E974216001D2758 /* Build configuration list for PBXNativeTarget "SystemVoiceMemos" */ = {
			isa = XCConfigurationList;
			buildConfigurations = (
				346BD3272E974216001D2758 /* Debug */,
				346BD3282E974216001D2758 /* Release */,
			);
			defaultConfigurationIsVisible = 0;
			defaultConfigurationName = Release;
		};
		346BD3292E974216001D2758 /* Build configuration list for PBXNativeTarget "SystemVoiceMemosTests" */ = {
			isa = XCConfigurationList;
			buildConfigurations = (
				346BD32A2E974216001D2758 /* Debug */,
				346BD32B2E974216001D2758 /* Release */,
			);
			defaultConfigurationIsVisible = 0;
			defaultConfigurationName = Release;
		};
		346BD32C2E974216001D2758 /* Build configuration list for PBXNativeTarget "SystemVoiceMemosUITests" */ = {
			isa = XCConfigurationList;
			buildConfigurations = (
				346BD32D2E974216001D2758 /* Debug */,
				346BD32E2E974216001D2758 /* Release */,
			);
			defaultConfigurationIsVisible = 0;
			defaultConfigurationName = Release;
		};
/* End XCConfigurationList section */

/* Begin XCRemoteSwiftPackageReference section */
		130377A62F1D60F400B70F97 /* XCRemoteSwiftPackageReference "Sparkle" */ = {
			isa = XCRemoteSwiftPackageReference;
			repositoryURL = "https://github.com/sparkle-project/Sparkle";
			requirement = {
				kind = upToNextMajorVersion;
				minimumVersion = 2.8.1;
			};
		};
/* End XCRemoteSwiftPackageReference section */

/* Begin XCSwiftPackageProductDependency section */
		130377A72F1D60F400B70F97 /* Sparkle */ = {
			isa = XCSwiftPackageProductDependency;
			package = 130377A62F1D60F400B70F97 /* XCRemoteSwiftPackageReference "Sparkle" */;
			productName = Sparkle;
		};
/* End XCSwiftPackageProductDependency section */
	};
	rootObject = 346BD2FA2E974213001D2758 /* Project object */;
}
